
Microsoft Visual Studio Solution File, Format Version 12.00
# Visual Studio 15
VisualStudioVersion = 15.0.28010.2036
MinimumVisualStudioVersion = 10.0.40219.1
Project("{FAE04EC0-301F-11D3-BF4B-00C04F79EFBC}") = "SegundoParcial", "SegundoParcialDanny\SegundoParcial.csproj", "{EB887D32-4842-4BC5-AF8A-2952F8F88FDF}"
EndProject
Project("{FAE04EC0-301F-11D3-BF4B-00C04F79EFBC}") = "SegundoParcialTests", "SegundoParcialDannyTests\SegundoParcialTests.csproj", "{D192E2EC-564F-42B3-A32B-33339F6ADBBE}"
EndProject
Global
	GlobalSection(SolutionConfigurationPlatforms) = preSolution
		Debug|Any CPU = Debug|Any CPU
		Release|Any CPU = Release|Any CPU
	EndGlobalSection
	GlobalSection(ProjectConfigurationPlatforms) = postSolution
		{EB887D32-4842-4BC5-AF8A-2952F8F88FDF}.Debug|Any CPU.ActiveCfg = Debug|Any CPU
		{EB887D32-4842-4BC5-AF8A-2952F8F88FDF}.Debug|Any CPU.Build.0 = Debug|Any CPU
		{EB887D32-4842-4BC5-AF8A-2952F8F88FDF}.Release|Any CPU.ActiveCfg = Release|Any CPU
		{EB887D32-4842-4BC5-AF8A-2952F8F88FDF}.Release|Any CPU.Build.0 = Release|Any CPU
		{D192E2EC-564F-42B3-A32B-33339F6ADBBE}.Debug|Any CPU.ActiveCfg = Debug|Any CPU
		{D192E2EC-564F-42B3-A32B-33339F6ADBBE}.Debug|Any CPU.Build.0 = Debug|Any CPU
		{D192E2EC-564F-42B3-A32B-33339F6ADBBE}.Release|Any CPU.ActiveCfg = Release|Any CPU
		{D192E2EC-564F-42B3-A32B-33339F6ADBBE}.Release|Any CPU.Build.0 = Release|Any CPU
	EndGlobalSection
	GlobalSection(SolutionProperties) = preSolution
		HideSolutionNode = FALSE
	EndGlobalSection
	GlobalSection(ExtensibilityGlobals) = postSolution
		SolutionGuid = {76A2F265-1F47-4826-9433-CF9CF455E320}
	EndGlobalSection
EndGlobal
